// !$*UTF8*$!
{
	archiveVersion = 1;
	classes = {
	};
	objectVersion = 56;
	objects = {

/* Begin PBXBuildFile section */
		8417DE0B2B5285FA002B1C51 /* MangaTabView.swift in Sources */ = {isa = PBXBuildFile; fileRef = 8417DE0A2B5285FA002B1C51 /* MangaTabView.swift */; };
		8417DE0D2B529471002B1C51 /* AccountView.swift in Sources */ = {isa = PBXBuildFile; fileRef = 8417DE0C2B529471002B1C51 /* AccountView.swift */; };
		8417DE112B5295EB002B1C51 /* AccountViewModel.swift in Sources */ = {isa = PBXBuildFile; fileRef = 8417DE102B5295EB002B1C51 /* AccountViewModel.swift */; };
		8417DE132B529CF9002B1C51 /* Network+Login.swift in Sources */ = {isa = PBXBuildFile; fileRef = 8417DE122B529CF9002B1C51 /* Network+Login.swift */; };
		8417DE152B52B490002B1C51 /* KeychainHelper.swift in Sources */ = {isa = PBXBuildFile; fileRef = 8417DE142B52B490002B1C51 /* KeychainHelper.swift */; };
		841A83542B416A640015B90E /* myMangasApp.swift in Sources */ = {isa = PBXBuildFile; fileRef = 841A83532B416A640015B90E /* myMangasApp.swift */; };
		841A83582B416A650015B90E /* Assets.xcassets in Resources */ = {isa = PBXBuildFile; fileRef = 841A83572B416A650015B90E /* Assets.xcassets */; };
		841A835B2B416A650015B90E /* Preview Assets.xcassets in Resources */ = {isa = PBXBuildFile; fileRef = 841A835A2B416A650015B90E /* Preview Assets.xcassets */; };
		841A83652B416A650015B90E /* myMangasTests.swift in Sources */ = {isa = PBXBuildFile; fileRef = 841A83642B416A650015B90E /* myMangasTests.swift */; };
		841A836F2B416A650015B90E /* myMangasUITests.swift in Sources */ = {isa = PBXBuildFile; fileRef = 841A836E2B416A650015B90E /* myMangasUITests.swift */; };
		841A83712B416A650015B90E /* myMangasUITestsLaunchTests.swift in Sources */ = {isa = PBXBuildFile; fileRef = 841A83702B416A650015B90E /* myMangasUITestsLaunchTests.swift */; };
		841A83802B41756D0015B90E /* MangasDTO.swift in Sources */ = {isa = PBXBuildFile; fileRef = 841A837F2B41756D0015B90E /* MangasDTO.swift */; };
		841A83832B4178CB0015B90E /* Manga.swift in Sources */ = {isa = PBXBuildFile; fileRef = 841A83822B4178CB0015B90E /* Manga.swift */; };
		841A83852B4191B40015B90E /* MangaDTO.swift in Sources */ = {isa = PBXBuildFile; fileRef = 841A83842B4191B40015B90E /* MangaDTO.swift */; };
		841A83882B4194A00015B90E /* URL.swift in Sources */ = {isa = PBXBuildFile; fileRef = 841A83872B4194A00015B90E /* URL.swift */; };
		841A838A2B419A420015B90E /* NetworkError.swift in Sources */ = {isa = PBXBuildFile; fileRef = 841A83892B419A420015B90E /* NetworkError.swift */; };
		841A838C2B419D1C0015B90E /* URLRequest.swift in Sources */ = {isa = PBXBuildFile; fileRef = 841A838B2B419D1C0015B90E /* URLRequest.swift */; };
		841A838E2B419D300015B90E /* URLSession.swift in Sources */ = {isa = PBXBuildFile; fileRef = 841A838D2B419D300015B90E /* URLSession.swift */; };
		841A83912B41A0570015B90E /* Network.swift in Sources */ = {isa = PBXBuildFile; fileRef = 841A83902B41A0570015B90E /* Network.swift */; };
		841A83932B41A1BE0015B90E /* Network+Mangas.swift in Sources */ = {isa = PBXBuildFile; fileRef = 841A83922B41A1BE0015B90E /* Network+Mangas.swift */; };
		841A83972B441C330015B90E /* MangaListViewModel.swift in Sources */ = {isa = PBXBuildFile; fileRef = 841A83962B441C330015B90E /* MangaListViewModel.swift */; };
		841A83992B441C810015B90E /* MangaListView.swift in Sources */ = {isa = PBXBuildFile; fileRef = 841A83982B441C810015B90E /* MangaListView.swift */; };
		841A839B2B44810C0015B90E /* DataTest.swift in Sources */ = {isa = PBXBuildFile; fileRef = 841A839A2B44810C0015B90E /* DataTest.swift */; };
		841A839D2B4483900015B90E /* testMangas.json in Resources */ = {isa = PBXBuildFile; fileRef = 841A839C2B4483900015B90E /* testMangas.json */; };
		841A839F2B4488E80015B90E /* testBestMangas.json in Resources */ = {isa = PBXBuildFile; fileRef = 841A839E2B4488E80015B90E /* testBestMangas.json */; };
		841A83A72B44A0790015B90E /* MangaItemView.swift in Sources */ = {isa = PBXBuildFile; fileRef = 841A83A62B44A0790015B90E /* MangaItemView.swift */; };
		841EF6CA2B485F6300D87F73 /* FilterView.swift in Sources */ = {isa = PBXBuildFile; fileRef = 841EF6C92B485F6300D87F73 /* FilterView.swift */; };
		841EF6CC2B48623E00D87F73 /* Network+Categories.swift in Sources */ = {isa = PBXBuildFile; fileRef = 841EF6CB2B48623E00D87F73 /* Network+Categories.swift */; };
		842B93402B65042F00821A2F /* HeaderView.swift in Sources */ = {isa = PBXBuildFile; fileRef = 842B933F2B65042F00821A2F /* HeaderView.swift */; };
		842B93422B6516AC00821A2F /* MangaDetailViewModel.swift in Sources */ = {isa = PBXBuildFile; fileRef = 842B93412B6516AC00821A2F /* MangaDetailViewModel.swift */; };
		842B93442B665C4B00821A2F /* CollectionsDTO.swift in Sources */ = {isa = PBXBuildFile; fileRef = 842B93432B665C4B00821A2F /* CollectionsDTO.swift */; };
		842B93482B66675700821A2F /* collection.json in Resources */ = {isa = PBXBuildFile; fileRef = 842B93472B66675700821A2F /* collection.json */; };
		842B934A2B66766700821A2F /* UserMangaCollectionRequest.swift in Sources */ = {isa = PBXBuildFile; fileRef = 842B93492B66766700821A2F /* UserMangaCollectionRequest.swift */; };
		842B934C2B6687B400821A2F /* CollectionModel.swift in Sources */ = {isa = PBXBuildFile; fileRef = 842B934B2B6687B400821A2F /* CollectionModel.swift */; };
		8431A74E2B62F43A00372E13 /* Network+Collections.swift in Sources */ = {isa = PBXBuildFile; fileRef = 8431A74D2B62F43A00372E13 /* Network+Collections.swift */; };
		845BC8E72B53F5A8009D51B5 /* MangaDetailView.swift in Sources */ = {isa = PBXBuildFile; fileRef = 845BC8E62B53F5A8009D51B5 /* MangaDetailView.swift */; };
		845BC8E92B541873009D51B5 /* Extension.swift in Sources */ = {isa = PBXBuildFile; fileRef = 845BC8E82B541873009D51B5 /* Extension.swift */; };
		845BC8EB2B54322F009D51B5 /* MangaEditView.swift in Sources */ = {isa = PBXBuildFile; fileRef = 845BC8EA2B54322F009D51B5 /* MangaEditView.swift */; };
		849308612B4ACC4000A9BFC1 /* Network+Search.swift in Sources */ = {isa = PBXBuildFile; fileRef = 849308602B4ACC4000A9BFC1 /* Network+Search.swift */; };
		84A6F1A72B55B78900EB3627 /* MultiSelectPickerView.swift in Sources */ = {isa = PBXBuildFile; fileRef = 84A6F1A62B55B78900EB3627 /* MultiSelectPickerView.swift */; };
		84C824272B5EF41200103CC2 /* MyListView.swift in Sources */ = {isa = PBXBuildFile; fileRef = 84C824262B5EF41200103CC2 /* MyListView.swift */; };
		84C8242A2B5EF4C500103CC2 /* MyListViewModel.swift in Sources */ = {isa = PBXBuildFile; fileRef = 84C824292B5EF4C500103CC2 /* MyListViewModel.swift */; };
/* End PBXBuildFile section */

/* Begin PBXContainerItemProxy section */
		841A83612B416A650015B90E /* PBXContainerItemProxy */ = {
			isa = PBXContainerItemProxy;
			containerPortal = 841A83482B416A640015B90E /* Project object */;
			proxyType = 1;
			remoteGlobalIDString = 841A834F2B416A640015B90E;
			remoteInfo = myMangas;
		};
		841A836B2B416A650015B90E /* PBXContainerItemProxy */ = {
			isa = PBXContainerItemProxy;
			containerPortal = 841A83482B416A640015B90E /* Project object */;
			proxyType = 1;
			remoteGlobalIDString = 841A834F2B416A640015B90E;
			remoteInfo = myMangas;
		};
/* End PBXContainerItemProxy section */

/* Begin PBXFileReference section */
		8417DE0A2B5285FA002B1C51 /* MangaTabView.swift */ = {isa = PBXFileReference; lastKnownFileType = sourcecode.swift; path = MangaTabView.swift; sourceTree = "<group>"; };
		8417DE0C2B529471002B1C51 /* AccountView.swift */ = {isa = PBXFileReference; lastKnownFileType = sourcecode.swift; path = AccountView.swift; sourceTree = "<group>"; };
		8417DE102B5295EB002B1C51 /* AccountViewModel.swift */ = {isa = PBXFileReference; lastKnownFileType = sourcecode.swift; path = AccountViewModel.swift; sourceTree = "<group>"; };
		8417DE122B529CF9002B1C51 /* Network+Login.swift */ = {isa = PBXFileReference; lastKnownFileType = sourcecode.swift; path = "Network+Login.swift"; sourceTree = "<group>"; };
		8417DE142B52B490002B1C51 /* KeychainHelper.swift */ = {isa = PBXFileReference; lastKnownFileType = sourcecode.swift; path = KeychainHelper.swift; sourceTree = "<group>"; };
		841A83502B416A640015B90E /* myMangas.app */ = {isa = PBXFileReference; explicitFileType = wrapper.application; includeInIndex = 0; path = myMangas.app; sourceTree = BUILT_PRODUCTS_DIR; };
		841A83532B416A640015B90E /* myMangasApp.swift */ = {isa = PBXFileReference; lastKnownFileType = sourcecode.swift; path = myMangasApp.swift; sourceTree = "<group>"; };
		841A83572B416A650015B90E /* Assets.xcassets */ = {isa = PBXFileReference; lastKnownFileType = folder.assetcatalog; path = Assets.xcassets; sourceTree = "<group>"; };
		841A835A2B416A650015B90E /* Preview Assets.xcassets */ = {isa = PBXFileReference; lastKnownFileType = folder.assetcatalog; path = "Preview Assets.xcassets"; sourceTree = "<group>"; };
		841A83602B416A650015B90E /* myMangasTests.xctest */ = {isa = PBXFileReference; explicitFileType = wrapper.cfbundle; includeInIndex = 0; path = myMangasTests.xctest; sourceTree = BUILT_PRODUCTS_DIR; };
		841A83642B416A650015B90E /* myMangasTests.swift */ = {isa = PBXFileReference; lastKnownFileType = sourcecode.swift; path = myMangasTests.swift; sourceTree = "<group>"; };
		841A836A2B416A650015B90E /* myMangasUITests.xctest */ = {isa = PBXFileReference; explicitFileType = wrapper.cfbundle; includeInIndex = 0; path = myMangasUITests.xctest; sourceTree = BUILT_PRODUCTS_DIR; };
		841A836E2B416A650015B90E /* myMangasUITests.swift */ = {isa = PBXFileReference; lastKnownFileType = sourcecode.swift; path = myMangasUITests.swift; sourceTree = "<group>"; };
		841A83702B416A650015B90E /* myMangasUITestsLaunchTests.swift */ = {isa = PBXFileReference; lastKnownFileType = sourcecode.swift; path = myMangasUITestsLaunchTests.swift; sourceTree = "<group>"; };
		841A837F2B41756D0015B90E /* MangasDTO.swift */ = {isa = PBXFileReference; lastKnownFileType = sourcecode.swift; path = MangasDTO.swift; sourceTree = "<group>"; };
		841A83822B4178CB0015B90E /* Manga.swift */ = {isa = PBXFileReference; lastKnownFileType = sourcecode.swift; path = Manga.swift; sourceTree = "<group>"; };
		841A83842B4191B40015B90E /* MangaDTO.swift */ = {isa = PBXFileReference; lastKnownFileType = sourcecode.swift; path = MangaDTO.swift; sourceTree = "<group>"; };
		841A83872B4194A00015B90E /* URL.swift */ = {isa = PBXFileReference; lastKnownFileType = sourcecode.swift; path = URL.swift; sourceTree = "<group>"; };
		841A83892B419A420015B90E /* NetworkError.swift */ = {isa = PBXFileReference; lastKnownFileType = sourcecode.swift; path = NetworkError.swift; sourceTree = "<group>"; };
		841A838B2B419D1C0015B90E /* URLRequest.swift */ = {isa = PBXFileReference; lastKnownFileType = sourcecode.swift; path = URLRequest.swift; sourceTree = "<group>"; };
		841A838D2B419D300015B90E /* URLSession.swift */ = {isa = PBXFileReference; lastKnownFileType = sourcecode.swift; path = URLSession.swift; sourceTree = "<group>"; };
		841A83902B41A0570015B90E /* Network.swift */ = {isa = PBXFileReference; lastKnownFileType = sourcecode.swift; path = Network.swift; sourceTree = "<group>"; };
		841A83922B41A1BE0015B90E /* Network+Mangas.swift */ = {isa = PBXFileReference; lastKnownFileType = sourcecode.swift; path = "Network+Mangas.swift"; sourceTree = "<group>"; };
		841A83962B441C330015B90E /* MangaListViewModel.swift */ = {isa = PBXFileReference; lastKnownFileType = sourcecode.swift; path = MangaListViewModel.swift; sourceTree = "<group>"; };
		841A83982B441C810015B90E /* MangaListView.swift */ = {isa = PBXFileReference; lastKnownFileType = sourcecode.swift; path = MangaListView.swift; sourceTree = "<group>"; };
		841A839A2B44810C0015B90E /* DataTest.swift */ = {isa = PBXFileReference; lastKnownFileType = sourcecode.swift; path = DataTest.swift; sourceTree = "<group>"; };
		841A839C2B4483900015B90E /* testMangas.json */ = {isa = PBXFileReference; fileEncoding = 4; lastKnownFileType = text.json; path = testMangas.json; sourceTree = "<group>"; };
		841A839E2B4488E80015B90E /* testBestMangas.json */ = {isa = PBXFileReference; fileEncoding = 4; lastKnownFileType = text.json; path = testBestMangas.json; sourceTree = "<group>"; };
		841A83A62B44A0790015B90E /* MangaItemView.swift */ = {isa = PBXFileReference; lastKnownFileType = sourcecode.swift; path = MangaItemView.swift; sourceTree = "<group>"; };
		841EF6C92B485F6300D87F73 /* FilterView.swift */ = {isa = PBXFileReference; lastKnownFileType = sourcecode.swift; path = FilterView.swift; sourceTree = "<group>"; };
		841EF6CB2B48623E00D87F73 /* Network+Categories.swift */ = {isa = PBXFileReference; lastKnownFileType = sourcecode.swift; path = "Network+Categories.swift"; sourceTree = "<group>"; };
		842B933F2B65042F00821A2F /* HeaderView.swift */ = {isa = PBXFileReference; lastKnownFileType = sourcecode.swift; path = HeaderView.swift; sourceTree = "<group>"; };
		842B93412B6516AC00821A2F /* MangaDetailViewModel.swift */ = {isa = PBXFileReference; lastKnownFileType = sourcecode.swift; path = MangaDetailViewModel.swift; sourceTree = "<group>"; };
		842B93432B665C4B00821A2F /* CollectionsDTO.swift */ = {isa = PBXFileReference; lastKnownFileType = sourcecode.swift; path = CollectionsDTO.swift; sourceTree = "<group>"; };
		842B93472B66675700821A2F /* collection.json */ = {isa = PBXFileReference; fileEncoding = 4; lastKnownFileType = text.json; path = collection.json; sourceTree = "<group>"; };
		842B93492B66766700821A2F /* UserMangaCollectionRequest.swift */ = {isa = PBXFileReference; lastKnownFileType = sourcecode.swift; path = UserMangaCollectionRequest.swift; sourceTree = "<group>"; };
		842B934B2B6687B400821A2F /* CollectionModel.swift */ = {isa = PBXFileReference; fileEncoding = 4; lastKnownFileType = sourcecode.swift; path = CollectionModel.swift; sourceTree = "<group>"; };
		8431A74D2B62F43A00372E13 /* Network+Collections.swift */ = {isa = PBXFileReference; lastKnownFileType = sourcecode.swift; path = "Network+Collections.swift"; sourceTree = "<group>"; };
		845BC8E62B53F5A8009D51B5 /* MangaDetailView.swift */ = {isa = PBXFileReference; lastKnownFileType = sourcecode.swift; path = MangaDetailView.swift; sourceTree = "<group>"; };
		845BC8E82B541873009D51B5 /* Extension.swift */ = {isa = PBXFileReference; lastKnownFileType = sourcecode.swift; path = Extension.swift; sourceTree = "<group>"; };
		845BC8EA2B54322F009D51B5 /* MangaEditView.swift */ = {isa = PBXFileReference; lastKnownFileType = sourcecode.swift; path = MangaEditView.swift; sourceTree = "<group>"; };
		849308602B4ACC4000A9BFC1 /* Network+Search.swift */ = {isa = PBXFileReference; lastKnownFileType = sourcecode.swift; path = "Network+Search.swift"; sourceTree = "<group>"; };
		84A6F1A62B55B78900EB3627 /* MultiSelectPickerView.swift */ = {isa = PBXFileReference; lastKnownFileType = sourcecode.swift; path = MultiSelectPickerView.swift; sourceTree = "<group>"; };
		84C824262B5EF41200103CC2 /* MyListView.swift */ = {isa = PBXFileReference; lastKnownFileType = sourcecode.swift; path = MyListView.swift; sourceTree = "<group>"; };
		84C824292B5EF4C500103CC2 /* MyListViewModel.swift */ = {isa = PBXFileReference; lastKnownFileType = sourcecode.swift; path = MyListViewModel.swift; sourceTree = "<group>"; };
/* End PBXFileReference section */

/* Begin PBXFrameworksBuildPhase section */
		841A834D2B416A640015B90E /* Frameworks */ = {
			isa = PBXFrameworksBuildPhase;
			buildActionMask = 2147483647;
			files = (
			);
			runOnlyForDeploymentPostprocessing = 0;
		};
		841A835D2B416A650015B90E /* Frameworks */ = {
			isa = PBXFrameworksBuildPhase;
			buildActionMask = 2147483647;
			files = (
			);
			runOnlyForDeploymentPostprocessing = 0;
		};
		841A83672B416A650015B90E /* Frameworks */ = {
			isa = PBXFrameworksBuildPhase;
			buildActionMask = 2147483647;
			files = (
			);
			runOnlyForDeploymentPostprocessing = 0;
		};
/* End PBXFrameworksBuildPhase section */

/* Begin PBXGroup section */
		8417DE072B5285A7002B1C51 /* Home */ = {
			isa = PBXGroup;
			children = (
				841A83942B441BC70015B90E /* Views */,
				841A83952B441C000015B90E /* ViewModels */,
			);
			path = Home;
			sourceTree = "<group>";
		};
		8417DE082B5285B6002B1C51 /* MyList */ = {
			isa = PBXGroup;
			children = (
				84C824282B5EF4B600103CC2 /* ViewModel */,
				84C824252B5EF3FF00103CC2 /* View */,
			);
			path = MyList;
			sourceTree = "<group>";
		};
		8417DE092B5285D2002B1C51 /* Account */ = {
			isa = PBXGroup;
			children = (
				8417DE0E2B5295D6002B1C51 /* View */,
				8417DE0F2B5295DB002B1C51 /* ViewModel */,
			);
			path = Account;
			sourceTree = "<group>";
		};
		8417DE0E2B5295D6002B1C51 /* View */ = {
			isa = PBXGroup;
			children = (
				8417DE0C2B529471002B1C51 /* AccountView.swift */,
			);
			path = View;
			sourceTree = "<group>";
		};
		8417DE0F2B5295DB002B1C51 /* ViewModel */ = {
			isa = PBXGroup;
			children = (
				8417DE102B5295EB002B1C51 /* AccountViewModel.swift */,
			);
			path = ViewModel;
			sourceTree = "<group>";
		};
		841A83472B416A640015B90E = {
			isa = PBXGroup;
			children = (
				841A83522B416A640015B90E /* myMangas */,
				841A83632B416A650015B90E /* myMangasTests */,
				841A836D2B416A650015B90E /* myMangasUITests */,
				841A83512B416A640015B90E /* Products */,
			);
			sourceTree = "<group>";
		};
		841A83512B416A640015B90E /* Products */ = {
			isa = PBXGroup;
			children = (
				841A83502B416A640015B90E /* myMangas.app */,
				841A83602B416A650015B90E /* myMangasTests.xctest */,
				841A836A2B416A650015B90E /* myMangasUITests.xctest */,
			);
			name = Products;
			sourceTree = "<group>";
		};
		841A83522B416A640015B90E /* myMangas */ = {
			isa = PBXGroup;
			children = (
				849308622B4B121D00A9BFC1 /* Helpers */,
				841A83A02B448A210015B90E /* Presentation */,
				841A838F2B419DEB0015B90E /* Interactors */,
				841A837D2B41739B0015B90E /* Model */,
				841A83862B4194760015B90E /* Interface */,
				841A837E2B4173A60015B90E /* Resources */,
				841A83592B416A650015B90E /* Preview Content */,
			);
			path = myMangas;
			sourceTree = "<group>";
		};
		841A83592B416A650015B90E /* Preview Content */ = {
			isa = PBXGroup;
			children = (
				841A835A2B416A650015B90E /* Preview Assets.xcassets */,
				842B93472B66675700821A2F /* collection.json */,
				841A839C2B4483900015B90E /* testMangas.json */,
				841A839E2B4488E80015B90E /* testBestMangas.json */,
				841A839A2B44810C0015B90E /* DataTest.swift */,
			);
			path = "Preview Content";
			sourceTree = "<group>";
		};
		841A83632B416A650015B90E /* myMangasTests */ = {
			isa = PBXGroup;
			children = (
				841A83642B416A650015B90E /* myMangasTests.swift */,
			);
			path = myMangasTests;
			sourceTree = "<group>";
		};
		841A836D2B416A650015B90E /* myMangasUITests */ = {
			isa = PBXGroup;
			children = (
				841A836E2B416A650015B90E /* myMangasUITests.swift */,
				841A83702B416A650015B90E /* myMangasUITestsLaunchTests.swift */,
			);
			path = myMangasUITests;
			sourceTree = "<group>";
		};
		841A837D2B41739B0015B90E /* Model */ = {
			isa = PBXGroup;
			children = (
				841A83822B4178CB0015B90E /* Manga.swift */,
				842B934B2B6687B400821A2F /* CollectionModel.swift */,
				842B93492B66766700821A2F /* UserMangaCollectionRequest.swift */,
				841A83812B41776F0015B90E /* DTOs */,
			);
			path = Model;
			sourceTree = "<group>";
		};
		841A837E2B4173A60015B90E /* Resources */ = {
			isa = PBXGroup;
			children = (
				841A83572B416A650015B90E /* Assets.xcassets */,
			);
			path = Resources;
			sourceTree = "<group>";
		};
		841A83812B41776F0015B90E /* DTOs */ = {
			isa = PBXGroup;
			children = (
				841A837F2B41756D0015B90E /* MangasDTO.swift */,
				841A83842B4191B40015B90E /* MangaDTO.swift */,
				842B93432B665C4B00821A2F /* CollectionsDTO.swift */,
			);
			path = DTOs;
			sourceTree = "<group>";
		};
		841A83862B4194760015B90E /* Interface */ = {
			isa = PBXGroup;
			children = (
				841A83872B4194A00015B90E /* URL.swift */,
				841A83892B419A420015B90E /* NetworkError.swift */,
				841A838B2B419D1C0015B90E /* URLRequest.swift */,
				841A838D2B419D300015B90E /* URLSession.swift */,
			);
			path = Interface;
			sourceTree = "<group>";
		};
		841A838F2B419DEB0015B90E /* Interactors */ = {
			isa = PBXGroup;
			children = (
				841A83902B41A0570015B90E /* Network.swift */,
				841A83922B41A1BE0015B90E /* Network+Mangas.swift */,
				841EF6CB2B48623E00D87F73 /* Network+Categories.swift */,
				849308602B4ACC4000A9BFC1 /* Network+Search.swift */,
				8417DE122B529CF9002B1C51 /* Network+Login.swift */,
				8431A74D2B62F43A00372E13 /* Network+Collections.swift */,
			);
			path = Interactors;
			sourceTree = "<group>";
		};
		841A83942B441BC70015B90E /* Views */ = {
			isa = PBXGroup;
			children = (
				841A83A12B448AB50015B90E /* Components */,
				841A83982B441C810015B90E /* MangaListView.swift */,
			);
			path = Views;
			sourceTree = "<group>";
		};
		841A83952B441C000015B90E /* ViewModels */ = {
			isa = PBXGroup;
			children = (
				841A83962B441C330015B90E /* MangaListViewModel.swift */,
			);
			path = ViewModels;
			sourceTree = "<group>";
		};
		841A83A02B448A210015B90E /* Presentation */ = {
			isa = PBXGroup;
			children = (
				841A83532B416A640015B90E /* myMangasApp.swift */,
				8417DE0A2B5285FA002B1C51 /* MangaTabView.swift */,
				845BC8E42B53F583009D51B5 /* MangaDetail */,
				8417DE092B5285D2002B1C51 /* Account */,
				8417DE082B5285B6002B1C51 /* MyList */,
				8417DE072B5285A7002B1C51 /* Home */,
			);
			path = Presentation;
			sourceTree = "<group>";
		};
		841A83A12B448AB50015B90E /* Components */ = {
			isa = PBXGroup;
			children = (
				841A83A62B44A0790015B90E /* MangaItemView.swift */,
				841EF6C92B485F6300D87F73 /* FilterView.swift */,
			);
			path = Components;
			sourceTree = "<group>";
		};
		845BC8E42B53F583009D51B5 /* MangaDetail */ = {
			isa = PBXGroup;
			children = (
				845BC8EC2B543443009D51B5 /* ViewModel */,
				845BC8E52B53F598009D51B5 /* View */,
			);
			path = MangaDetail;
			sourceTree = "<group>";
		};
		845BC8E52B53F598009D51B5 /* View */ = {
			isa = PBXGroup;
			children = (
				845BC8EF2B544138009D51B5 /* Components */,
				845BC8E62B53F5A8009D51B5 /* MangaDetailView.swift */,
				845BC8EA2B54322F009D51B5 /* MangaEditView.swift */,
			);
			path = View;
			sourceTree = "<group>";
		};
		845BC8EC2B543443009D51B5 /* ViewModel */ = {
			isa = PBXGroup;
			children = (
				842B93412B6516AC00821A2F /* MangaDetailViewModel.swift */,
			);
			path = ViewModel;
			sourceTree = "<group>";
		};
		845BC8EF2B544138009D51B5 /* Components */ = {
			isa = PBXGroup;
			children = (
				84A6F1A62B55B78900EB3627 /* MultiSelectPickerView.swift */,
				842B933F2B65042F00821A2F /* HeaderView.swift */,
			);
			path = Components;
			sourceTree = "<group>";
		};
		849308622B4B121D00A9BFC1 /* Helpers */ = {
			isa = PBXGroup;
			children = (
				8417DE142B52B490002B1C51 /* KeychainHelper.swift */,
				845BC8E82B541873009D51B5 /* Extension.swift */,
			);
			path = Helpers;
			sourceTree = "<group>";
		};
		84C824252B5EF3FF00103CC2 /* View */ = {
			isa = PBXGroup;
			children = (
				84C824262B5EF41200103CC2 /* MyListView.swift */,
			);
			path = View;
			sourceTree = "<group>";
		};
		84C824282B5EF4B600103CC2 /* ViewModel */ = {
			isa = PBXGroup;
			children = (
				84C824292B5EF4C500103CC2 /* MyListViewModel.swift */,
			);
			path = ViewModel;
			sourceTree = "<group>";
		};
/* End PBXGroup section */

/* Begin PBXNativeTarget section */
		841A834F2B416A640015B90E /* myMangas */ = {
			isa = PBXNativeTarget;
			buildConfigurationList = 841A83742B416A650015B90E /* Build configuration list for PBXNativeTarget "myMangas" */;
			buildPhases = (
				841A834C2B416A640015B90E /* Sources */,
				841A834D2B416A640015B90E /* Frameworks */,
				841A834E2B416A640015B90E /* Resources */,
			);
			buildRules = (
			);
			dependencies = (
			);
			name = myMangas;
			productName = myMangas;
			productReference = 841A83502B416A640015B90E /* myMangas.app */;
			productType = "com.apple.product-type.application";
		};
		841A835F2B416A650015B90E /* myMangasTests */ = {
			isa = PBXNativeTarget;
			buildConfigurationList = 841A83772B416A650015B90E /* Build configuration list for PBXNativeTarget "myMangasTests" */;
			buildPhases = (
				841A835C2B416A650015B90E /* Sources */,
				841A835D2B416A650015B90E /* Frameworks */,
				841A835E2B416A650015B90E /* Resources */,
			);
			buildRules = (
			);
			dependencies = (
				841A83622B416A650015B90E /* PBXTargetDependency */,
			);
			name = myMangasTests;
			productName = myMangasTests;
			productReference = 841A83602B416A650015B90E /* myMangasTests.xctest */;
			productType = "com.apple.product-type.bundle.unit-test";
		};
		841A83692B416A650015B90E /* myMangasUITests */ = {
			isa = PBXNativeTarget;
			buildConfigurationList = 841A837A2B416A650015B90E /* Build configuration list for PBXNativeTarget "myMangasUITests" */;
			buildPhases = (
				841A83662B416A650015B90E /* Sources */,
				841A83672B416A650015B90E /* Frameworks */,
				841A83682B416A650015B90E /* Resources */,
			);
			buildRules = (
			);
			dependencies = (
				841A836C2B416A650015B90E /* PBXTargetDependency */,
			);
			name = myMangasUITests;
			productName = myMangasUITests;
			productReference = 841A836A2B416A650015B90E /* myMangasUITests.xctest */;
			productType = "com.apple.product-type.bundle.ui-testing";
		};
/* End PBXNativeTarget section */

/* Begin PBXProject section */
		841A83482B416A640015B90E /* Project object */ = {
			isa = PBXProject;
			attributes = {
				BuildIndependentTargetsInParallel = 1;
				LastSwiftUpdateCheck = 1510;
				LastUpgradeCheck = 1510;
				TargetAttributes = {
					841A834F2B416A640015B90E = {
						CreatedOnToolsVersion = 15.1;
					};
					841A835F2B416A650015B90E = {
						CreatedOnToolsVersion = 15.1;
						TestTargetID = 841A834F2B416A640015B90E;
					};
					841A83692B416A650015B90E = {
						CreatedOnToolsVersion = 15.1;
						TestTargetID = 841A834F2B416A640015B90E;
					};
				};
			};
			buildConfigurationList = 841A834B2B416A640015B90E /* Build configuration list for PBXProject "myMangas" */;
			compatibilityVersion = "Xcode 14.0";
			developmentRegion = en;
			hasScannedForEncodings = 0;
			knownRegions = (
				en,
				Base,
			);
			mainGroup = 841A83472B416A640015B90E;
			productRefGroup = 841A83512B416A640015B90E /* Products */;
			projectDirPath = "";
			projectRoot = "";
			targets = (
				841A834F2B416A640015B90E /* myMangas */,
				841A835F2B416A650015B90E /* myMangasTests */,
				841A83692B416A650015B90E /* myMangasUITests */,
			);
		};
/* End PBXProject section */

/* Begin PBXResourcesBuildPhase section */
		841A834E2B416A640015B90E /* Resources */ = {
			isa = PBXResourcesBuildPhase;
			buildActionMask = 2147483647;
			files = (
				841A839F2B4488E80015B90E /* testBestMangas.json in Resources */,
				841A835B2B416A650015B90E /* Preview Assets.xcassets in Resources */,
				841A839D2B4483900015B90E /* testMangas.json in Resources */,
				841A83582B416A650015B90E /* Assets.xcassets in Resources */,
				842B93482B66675700821A2F /* collection.json in Resources */,
			);
			runOnlyForDeploymentPostprocessing = 0;
		};
		841A835E2B416A650015B90E /* Resources */ = {
			isa = PBXResourcesBuildPhase;
			buildActionMask = 2147483647;
			files = (
			);
			runOnlyForDeploymentPostprocessing = 0;
		};
		841A83682B416A650015B90E /* Resources */ = {
			isa = PBXResourcesBuildPhase;
			buildActionMask = 2147483647;
			files = (
			);
			runOnlyForDeploymentPostprocessing = 0;
		};
/* End PBXResourcesBuildPhase section */

/* Begin PBXSourcesBuildPhase section */
		841A834C2B416A640015B90E /* Sources */ = {
			isa = PBXSourcesBuildPhase;
			buildActionMask = 2147483647;
			files = (
				841A83912B41A0570015B90E /* Network.swift in Sources */,
				84C8242A2B5EF4C500103CC2 /* MyListViewModel.swift in Sources */,
				8417DE112B5295EB002B1C51 /* AccountViewModel.swift in Sources */,
				841A83852B4191B40015B90E /* MangaDTO.swift in Sources */,
				841A838A2B419A420015B90E /* NetworkError.swift in Sources */,
				84A6F1A72B55B78900EB3627 /* MultiSelectPickerView.swift in Sources */,
				841A83802B41756D0015B90E /* MangasDTO.swift in Sources */,
				8417DE0D2B529471002B1C51 /* AccountView.swift in Sources */,
				842B93422B6516AC00821A2F /* MangaDetailViewModel.swift in Sources */,
				841A83992B441C810015B90E /* MangaListView.swift in Sources */,
				841A83832B4178CB0015B90E /* Manga.swift in Sources */,
				841A838E2B419D300015B90E /* URLSession.swift in Sources */,
				841A83932B41A1BE0015B90E /* Network+Mangas.swift in Sources */,
				842B934A2B66766700821A2F /* UserMangaCollectionRequest.swift in Sources */,
				845BC8E72B53F5A8009D51B5 /* MangaDetailView.swift in Sources */,
				841A83542B416A640015B90E /* myMangasApp.swift in Sources */,
				841A83882B4194A00015B90E /* URL.swift in Sources */,
				842B93402B65042F00821A2F /* HeaderView.swift in Sources */,
				841A839B2B44810C0015B90E /* DataTest.swift in Sources */,
				84C824272B5EF41200103CC2 /* MyListView.swift in Sources */,
				842B93442B665C4B00821A2F /* CollectionsDTO.swift in Sources */,
				841A83A72B44A0790015B90E /* MangaItemView.swift in Sources */,
				845BC8E92B541873009D51B5 /* Extension.swift in Sources */,
				842B934C2B6687B400821A2F /* CollectionModel.swift in Sources */,
				845BC8EB2B54322F009D51B5 /* MangaEditView.swift in Sources */,
				841A838C2B419D1C0015B90E /* URLRequest.swift in Sources */,
				841EF6CA2B485F6300D87F73 /* FilterView.swift in Sources */,
				841EF6CC2B48623E00D87F73 /* Network+Categories.swift in Sources */,
				849308612B4ACC4000A9BFC1 /* Network+Search.swift in Sources */,
				841A83972B441C330015B90E /* MangaListViewModel.swift in Sources */,
				8417DE132B529CF9002B1C51 /* Network+Login.swift in Sources */,
				8417DE152B52B490002B1C51 /* KeychainHelper.swift in Sources */,
				8431A74E2B62F43A00372E13 /* Network+Collections.swift in Sources */,
				8417DE0B2B5285FA002B1C51 /* MangaTabView.swift in Sources */,
			);
			runOnlyForDeploymentPostprocessing = 0;
		};
		841A835C2B416A650015B90E /* Sources */ = {
			isa = PBXSourcesBuildPhase;
			buildActionMask = 2147483647;
			files = (
				841A83652B416A650015B90E /* myMangasTests.swift in Sources */,
			);
			runOnlyForDeploymentPostprocessing = 0;
		};
		841A83662B416A650015B90E /* Sources */ = {
			isa = PBXSourcesBuildPhase;
			buildActionMask = 2147483647;
			files = (
				841A83712B416A650015B90E /* myMangasUITestsLaunchTests.swift in Sources */,
				841A836F2B416A650015B90E /* myMangasUITests.swift in Sources */,
			);
			runOnlyForDeploymentPostprocessing = 0;
		};
/* End PBXSourcesBuildPhase section */

/* Begin PBXTargetDependency section */
		841A83622B416A650015B90E /* PBXTargetDependency */ = {
			isa = PBXTargetDependency;
			target = 841A834F2B416A640015B90E /* myMangas */;
			targetProxy = 841A83612B416A650015B90E /* PBXContainerItemProxy */;
		};
		841A836C2B416A650015B90E /* PBXTargetDependency */ = {
			isa = PBXTargetDependency;
			target = 841A834F2B416A640015B90E /* myMangas */;
			targetProxy = 841A836B2B416A650015B90E /* PBXContainerItemProxy */;
		};
/* End PBXTargetDependency section */

/* Begin XCBuildConfiguration section */
		841A83722B416A650015B90E /* Debug */ = {
			isa = XCBuildConfiguration;
			buildSettings = {
				ALWAYS_SEARCH_USER_PATHS = NO;
				ASSETCATALOG_COMPILER_GENERATE_SWIFT_ASSET_SYMBOL_EXTENSIONS = YES;
				CLANG_ANALYZER_NONNULL = YES;
				CLANG_ANALYZER_NUMBER_OBJECT_CONVERSION = YES_AGGRESSIVE;
				CLANG_CXX_LANGUAGE_STANDARD = "gnu++20";
				CLANG_ENABLE_MODULES = YES;
				CLANG_ENABLE_OBJC_ARC = YES;
				CLANG_ENABLE_OBJC_WEAK = YES;
				CLANG_WARN_BLOCK_CAPTURE_AUTORELEASING = YES;
				CLANG_WARN_BOOL_CONVERSION = YES;
				CLANG_WARN_COMMA = YES;
				CLANG_WARN_CONSTANT_CONVERSION = YES;
				CLANG_WARN_DEPRECATED_OBJC_IMPLEMENTATIONS = YES;
				CLANG_WARN_DIRECT_OBJC_ISA_USAGE = YES_ERROR;
				CLANG_WARN_DOCUMENTATION_COMMENTS = YES;
				CLANG_WARN_EMPTY_BODY = YES;
				CLANG_WARN_ENUM_CONVERSION = YES;
				CLANG_WARN_INFINITE_RECURSION = YES;
				CLANG_WARN_INT_CONVERSION = YES;
				CLANG_WARN_NON_LITERAL_NULL_CONVERSION = YES;
				CLANG_WARN_OBJC_IMPLICIT_RETAIN_SELF = YES;
				CLANG_WARN_OBJC_LITERAL_CONVERSION = YES;
				CLANG_WARN_OBJC_ROOT_CLASS = YES_ERROR;
				CLANG_WARN_QUOTED_INCLUDE_IN_FRAMEWORK_HEADER = YES;
				CLANG_WARN_RANGE_LOOP_ANALYSIS = YES;
				CLANG_WARN_STRICT_PROTOTYPES = YES;
				CLANG_WARN_SUSPICIOUS_MOVE = YES;
				CLANG_WARN_UNGUARDED_AVAILABILITY = YES_AGGRESSIVE;
				CLANG_WARN_UNREACHABLE_CODE = YES;
				CLANG_WARN__DUPLICATE_METHOD_MATCH = YES;
				COPY_PHASE_STRIP = NO;
				DEBUG_INFORMATION_FORMAT = dwarf;
				ENABLE_STRICT_OBJC_MSGSEND = YES;
				ENABLE_TESTABILITY = YES;
				ENABLE_USER_SCRIPT_SANDBOXING = YES;
				GCC_C_LANGUAGE_STANDARD = gnu17;
				GCC_DYNAMIC_NO_PIC = NO;
				GCC_NO_COMMON_BLOCKS = YES;
				GCC_OPTIMIZATION_LEVEL = 0;
				GCC_PREPROCESSOR_DEFINITIONS = (
					"DEBUG=1",
					"$(inherited)",
				);
				GCC_WARN_64_TO_32_BIT_CONVERSION = YES;
				GCC_WARN_ABOUT_RETURN_TYPE = YES_ERROR;
				GCC_WARN_UNDECLARED_SELECTOR = YES;
				GCC_WARN_UNINITIALIZED_AUTOS = YES_AGGRESSIVE;
				GCC_WARN_UNUSED_FUNCTION = YES;
				GCC_WARN_UNUSED_VARIABLE = YES;
				IPHONEOS_DEPLOYMENT_TARGET = 17.2;
				LOCALIZATION_PREFERS_STRING_CATALOGS = YES;
				MTL_ENABLE_DEBUG_INFO = INCLUDE_SOURCE;
				MTL_FAST_MATH = YES;
				ONLY_ACTIVE_ARCH = YES;
				SDKROOT = iphoneos;
				SWIFT_ACTIVE_COMPILATION_CONDITIONS = "DEBUG $(inherited)";
				SWIFT_OPTIMIZATION_LEVEL = "-Onone";
			};
			name = Debug;
		};
		841A83732B416A650015B90E /* Release */ = {
			isa = XCBuildConfiguration;
			buildSettings = {
				ALWAYS_SEARCH_USER_PATHS = NO;
				ASSETCATALOG_COMPILER_GENERATE_SWIFT_ASSET_SYMBOL_EXTENSIONS = YES;
				CLANG_ANALYZER_NONNULL = YES;
				CLANG_ANALYZER_NUMBER_OBJECT_CONVERSION = YES_AGGRESSIVE;
				CLANG_CXX_LANGUAGE_STANDARD = "gnu++20";
				CLANG_ENABLE_MODULES = YES;
				CLANG_ENABLE_OBJC_ARC = YES;
				CLANG_ENABLE_OBJC_WEAK = YES;
				CLANG_WARN_BLOCK_CAPTURE_AUTORELEASING = YES;
				CLANG_WARN_BOOL_CONVERSION = YES;
				CLANG_WARN_COMMA = YES;
				CLANG_WARN_CONSTANT_CONVERSION = YES;
				CLANG_WARN_DEPRECATED_OBJC_IMPLEMENTATIONS = YES;
				CLANG_WARN_DIRECT_OBJC_ISA_USAGE = YES_ERROR;
				CLANG_WARN_DOCUMENTATION_COMMENTS = YES;
				CLANG_WARN_EMPTY_BODY = YES;
				CLANG_WARN_ENUM_CONVERSION = YES;
				CLANG_WARN_INFINITE_RECURSION = YES;
				CLANG_WARN_INT_CONVERSION = YES;
				CLANG_WARN_NON_LITERAL_NULL_CONVERSION = YES;
				CLANG_WARN_OBJC_IMPLICIT_RETAIN_SELF = YES;
				CLANG_WARN_OBJC_LITERAL_CONVERSION = YES;
				CLANG_WARN_OBJC_ROOT_CLASS = YES_ERROR;
				CLANG_WARN_QUOTED_INCLUDE_IN_FRAMEWORK_HEADER = YES;
				CLANG_WARN_RANGE_LOOP_ANALYSIS = YES;
				CLANG_WARN_STRICT_PROTOTYPES = YES;
				CLANG_WARN_SUSPICIOUS_MOVE = YES;
				CLANG_WARN_UNGUARDED_AVAILABILITY = YES_AGGRESSIVE;
				CLANG_WARN_UNREACHABLE_CODE = YES;
				CLANG_WARN__DUPLICATE_METHOD_MATCH = YES;
				COPY_PHASE_STRIP = NO;
				DEBUG_INFORMATION_FORMAT = "dwarf-with-dsym";
				ENABLE_NS_ASSERTIONS = NO;
				ENABLE_STRICT_OBJC_MSGSEND = YES;
				ENABLE_USER_SCRIPT_SANDBOXING = YES;
				GCC_C_LANGUAGE_STANDARD = gnu17;
				GCC_NO_COMMON_BLOCKS = YES;
				GCC_WARN_64_TO_32_BIT_CONVERSION = YES;
				GCC_WARN_ABOUT_RETURN_TYPE = YES_ERROR;
				GCC_WARN_UNDECLARED_SELECTOR = YES;
				GCC_WARN_UNINITIALIZED_AUTOS = YES_AGGRESSIVE;
				GCC_WARN_UNUSED_FUNCTION = YES;
				GCC_WARN_UNUSED_VARIABLE = YES;
				IPHONEOS_DEPLOYMENT_TARGET = 17.2;
				LOCALIZATION_PREFERS_STRING_CATALOGS = YES;
				MTL_ENABLE_DEBUG_INFO = NO;
				MTL_FAST_MATH = YES;
				SDKROOT = iphoneos;
				SWIFT_COMPILATION_MODE = wholemodule;
				VALIDATE_PRODUCT = YES;
			};
			name = Release;
		};
		841A83752B416A650015B90E /* Debug */ = {
			isa = XCBuildConfiguration;
			buildSettings = {
				ASSETCATALOG_COMPILER_APPICON_NAME = AppIcon;
				ASSETCATALOG_COMPILER_GLOBAL_ACCENT_COLOR_NAME = AccentColor;
				CODE_SIGN_STYLE = Automatic;
				CURRENT_PROJECT_VERSION = 1;
				DEVELOPMENT_ASSET_PATHS = "\"myMangas/Preview Content\"";
				ENABLE_PREVIEWS = YES;
				GENERATE_INFOPLIST_FILE = YES;
				INFOPLIST_KEY_UIApplicationSceneManifest_Generation = YES;
				INFOPLIST_KEY_UIApplicationSupportsIndirectInputEvents = YES;
				INFOPLIST_KEY_UILaunchScreen_Generation = YES;
				INFOPLIST_KEY_UISupportedInterfaceOrientations_iPad = "UIInterfaceOrientationPortrait UIInterfaceOrientationPortraitUpsideDown UIInterfaceOrientationLandscapeLeft UIInterfaceOrientationLandscapeRight";
				INFOPLIST_KEY_UISupportedInterfaceOrientations_iPhone = "UIInterfaceOrientationPortrait UIInterfaceOrientationLandscapeLeft UIInterfaceOrientationLandscapeRight";
				LD_RUNPATH_SEARCH_PATHS = (
					"$(inherited)",
					"@executable_path/Frameworks",
				);
				MARKETING_VERSION = 1.0;
				PRODUCT_BUNDLE_IDENTIFIER = com.myMangas;
				PRODUCT_NAME = "$(TARGET_NAME)";
				SWIFT_EMIT_LOC_STRINGS = YES;
				SWIFT_VERSION = 5.0;
				TARGETED_DEVICE_FAMILY = "1,2";
			};
			name = Debug;
		};
		841A83762B416A650015B90E /* Release */ = {
			isa = XCBuildConfiguration;
			buildSettings = {
				ASSETCATALOG_COMPILER_APPICON_NAME = AppIcon;
				ASSETCATALOG_COMPILER_GLOBAL_ACCENT_COLOR_NAME = AccentColor;
				CODE_SIGN_STYLE = Automatic;
				CURRENT_PROJECT_VERSION = 1;
				DEVELOPMENT_ASSET_PATHS = "\"myMangas/Preview Content\"";
				ENABLE_PREVIEWS = YES;
				GENERATE_INFOPLIST_FILE = YES;
				INFOPLIST_KEY_UIApplicationSceneManifest_Generation = YES;
				INFOPLIST_KEY_UIApplicationSupportsIndirectInputEvents = YES;
				INFOPLIST_KEY_UILaunchScreen_Generation = YES;
				INFOPLIST_KEY_UISupportedInterfaceOrientations_iPad = "UIInterfaceOrientationPortrait UIInterfaceOrientationPortraitUpsideDown UIInterfaceOrientationLandscapeLeft UIInterfaceOrientationLandscapeRight";
				INFOPLIST_KEY_UISupportedInterfaceOrientations_iPhone = "UIInterfaceOrientationPortrait UIInterfaceOrientationLandscapeLeft UIInterfaceOrientationLandscapeRight";
				LD_RUNPATH_SEARCH_PATHS = (
					"$(inherited)",
					"@executable_path/Frameworks",
				);
				MARKETING_VERSION = 1.0;
				PRODUCT_BUNDLE_IDENTIFIER = com.myMangas;
				PRODUCT_NAME = "$(TARGET_NAME)";
				SWIFT_EMIT_LOC_STRINGS = YES;
				SWIFT_VERSION = 5.0;
				TARGETED_DEVICE_FAMILY = "1,2";
			};
			name = Release;
		};
		841A83782B416A650015B90E /* Debug */ = {
			isa = XCBuildConfiguration;
			buildSettings = {
				ALWAYS_EMBED_SWIFT_STANDARD_LIBRARIES = YES;
				BUNDLE_LOADER = "$(TEST_HOST)";
				CODE_SIGN_STYLE = Automatic;
				CURRENT_PROJECT_VERSION = 1;
				GENERATE_INFOPLIST_FILE = YES;
				IPHONEOS_DEPLOYMENT_TARGET = 17.2;
				MARKETING_VERSION = 1.0;
				PRODUCT_BUNDLE_IDENTIFIER = com.myMangasTests;
				PRODUCT_NAME = "$(TARGET_NAME)";
				SWIFT_EMIT_LOC_STRINGS = NO;
				SWIFT_VERSION = 5.0;
				TARGETED_DEVICE_FAMILY = "1,2";
				TEST_HOST = "$(BUILT_PRODUCTS_DIR)/myMangas.app/$(BUNDLE_EXECUTABLE_FOLDER_PATH)/myMangas";
			};
			name = Debug;
		};
		841A83792B416A650015B90E /* Release */ = {
			isa = XCBuildConfiguration;
			buildSettings = {
				ALWAYS_EMBED_SWIFT_STANDARD_LIBRARIES = YES;
				BUNDLE_LOADER = "$(TEST_HOST)";
				CODE_SIGN_STYLE = Automatic;
				CURRENT_PROJECT_VERSION = 1;
				GENERATE_INFOPLIST_FILE = YES;
				IPHONEOS_DEPLOYMENT_TARGET = 17.2;
				MARKETING_VERSION = 1.0;
				PRODUCT_BUNDLE_IDENTIFIER = com.myMangasTests;
				PRODUCT_NAME = "$(TARGET_NAME)";
				SWIFT_EMIT_LOC_STRINGS = NO;
				SWIFT_VERSION = 5.0;
				TARGETED_DEVICE_FAMILY = "1,2";
				TEST_HOST = "$(BUILT_PRODUCTS_DIR)/myMangas.app/$(BUNDLE_EXECUTABLE_FOLDER_PATH)/myMangas";
			};
			name = Release;
		};
		841A837B2B416A650015B90E /* Debug */ = {
			isa = XCBuildConfiguration;
			buildSettings = {
				ALWAYS_EMBED_SWIFT_STANDARD_LIBRARIES = YES;
				CODE_SIGN_STYLE = Automatic;
				CURRENT_PROJECT_VERSION = 1;
				GENERATE_INFOPLIST_FILE = YES;
				MARKETING_VERSION = 1.0;
				PRODUCT_BUNDLE_IDENTIFIER = com.myMangasUITests;
				PRODUCT_NAME = "$(TARGET_NAME)";
				SWIFT_EMIT_LOC_STRINGS = NO;
				SWIFT_VERSION = 5.0;
				TARGETED_DEVICE_FAMILY = "1,2";
				TEST_TARGET_NAME = myMangas;
			};
			name = Debug;
		};
		841A837C2B416A650015B90E /* Release */ = {
			isa = XCBuildConfiguration;
			buildSettings = {
				ALWAYS_EMBED_SWIFT_STANDARD_LIBRARIES = YES;
				CODE_SIGN_STYLE = Automatic;
				CURRENT_PROJECT_VERSION = 1;
				GENERATE_INFOPLIST_FILE = YES;
				MARKETING_VERSION = 1.0;
				PRODUCT_BUNDLE_IDENTIFIER = com.myMangasUITests;
				PRODUCT_NAME = "$(TARGET_NAME)";
				SWIFT_EMIT_LOC_STRINGS = NO;
				SWIFT_VERSION = 5.0;
				TARGETED_DEVICE_FAMILY = "1,2";
				TEST_TARGET_NAME = myMangas;
			};
			name = Release;
		};
/* End XCBuildConfiguration section */

/* Begin XCConfigurationList section */
		841A834B2B416A640015B90E /* Build configuration list for PBXProject "myMangas" */ = {
			isa = XCConfigurationList;
			buildConfigurations = (
				841A83722B416A650015B90E /* Debug */,
				841A83732B416A650015B90E /* Release */,
			);
			defaultConfigurationIsVisible = 0;
			defaultConfigurationName = Release;
		};
		841A83742B416A650015B90E /* Build configuration list for PBXNativeTarget "myMangas" */ = {
			isa = XCConfigurationList;
			buildConfigurations = (
				841A83752B416A650015B90E /* Debug */,
				841A83762B416A650015B90E /* Release */,
			);
			defaultConfigurationIsVisible = 0;
			defaultConfigurationName = Release;
		};
		841A83772B416A650015B90E /* Build configuration list for PBXNativeTarget "myMangasTests" */ = {
			isa = XCConfigurationList;
			buildConfigurations = (
				841A83782B416A650015B90E /* Debug */,
				841A83792B416A650015B90E /* Release */,
			);
			defaultConfigurationIsVisible = 0;
			defaultConfigurationName = Release;
		};
		841A837A2B416A650015B90E /* Build configuration list for PBXNativeTarget "myMangasUITests" */ = {
			isa = XCConfigurationList;
			buildConfigurations = (
				841A837B2B416A650015B90E /* Debug */,
				841A837C2B416A650015B90E /* Release */,
			);
			defaultConfigurationIsVisible = 0;
			defaultConfigurationName = Release;
		};
/* End XCConfigurationList section */
	};
	rootObject = 841A83482B416A640015B90E /* Project object */;
}
